<?xml version="1.0" encoding="utf-8"?>
<Project ToolsVersion="4.0" xmlns="http://schemas.microsoft.com/developer/msbuild/2003">
  <ItemGroup>
    <Filter Include="Исходные файлы">
      <UniqueIdentifier>{4FC737F1-C7A5-4376-A066-2A32D752A2FF}</UniqueIdentifier>
      <Extensions>cpp;c;cc;cxx;def;odl;idl;hpj;bat;asm;asmx</Extensions>
    </Filter>
    <Filter Include="Файлы заголовков">
      <UniqueIdentifier>{93995380-89BD-4b04-88EB-625FBE52EBFB}</UniqueIdentifier>
      <Extensions>h;hh;hpp;hxx;hm;inl;inc;ipp;xsd</Extensions>
    </Filter>
    <Filter Include="Файлы ресурсов">
      <UniqueIdentifier>{67DA6AB6-F800-4c08-8B7A-83BB121AAD01}</UniqueIdentifier>
      <Extensions>rc;ico;cur;bmp;dlg;rc2;rct;bin;rgs;gif;jpg;jpeg;jpe;resx;tiff;tif;png;wav;mfcribbon-ms</Extensions>
    </Filter>
    <Filter Include="Исходные файлы\std">
      <UniqueIdentifier>{e9c83a35-ff27-4dd7-8136-0cecb619f3c4}</UniqueIdentifier>
    </Filter>
    <Filter Include="Исходные файлы\memory">
      <UniqueIdentifier>{32a50f23-ab40-4e84-a430-277c9274d9aa}</UniqueIdentifier>
    </Filter>
    <Filter Include="Исходные файлы\storage">
      <UniqueIdentifier>{00e134da-f84e-4bca-9237-4b7efe66abd7}</UniqueIdentifier>
    </Filter>
  </ItemGroup>
  <ItemGroup>
    <None Include="..\sources\boot.asm">
      <Filter>Исходные файлы</Filter>
    </None>
    <None Include="..\sources\bootloader">
      <Filter>Исходные файлы</Filter>
    </None>
    <None Include="..\sources\bootloader.asm">
      <Filter>Исходные файлы</Filter>
    </None>
    <None Include="..\sources\caller.asm">
      <Filter>Исходные файлы</Filter>
    </None>
    <None Include="..\sources\ehci.s">
      <Filter>Исходные файлы</Filter>
    </None>
  </ItemGroup>
  <ItemGroup>
    <ClCompile Include="..\sources\interrupts.cpp">
      <Filter>Исходные файлы</Filter>
    </ClCompile>
    <ClCompile Include="..\sources\kernel.cpp">
      <Filter>Исходные файлы</Filter>
    </ClCompile>
    <ClCompile Include="..\sources\link.cpp">
      <Filter>Исходные файлы</Filter>
    </ClCompile>
    <ClCompile Include="..\sources\PCI.cpp">
      <Filter>Исходные файлы</Filter>
    </ClCompile>
    <ClCompile Include="..\sources\ports.cpp">
      <Filter>Исходные файлы</Filter>
    </ClCompile>
    <ClCompile Include="..\sources\printf.cpp">
      <Filter>Исходные файлы</Filter>
    </ClCompile>
    <ClCompile Include="..\sources\string.cpp">
      <Filter>Исходные файлы</Filter>
    </ClCompile>
    <ClCompile Include="..\sources\video.cpp">
      <Filter>Исходные файлы</Filter>
    </ClCompile>
    <ClCompile Include="..\sources\std\map.cpp">
      <Filter>Исходные файлы\std</Filter>
    </ClCompile>
    <ClCompile Include="..\sources\std\trees.cpp">
      <Filter>Исходные файлы\std</Filter>
    </ClCompile>
    <ClCompile Include="..\sources\memory\memory.cpp">
      <Filter>Исходные файлы\memory</Filter>
    </ClCompile>
    <ClCompile Include="..\sources\memory\tlsf.c">
      <Filter>Исходные файлы\memory</Filter>
    </ClCompile>
    <ClCompile Include="..\sources\storage\ahci.cpp">
      <Filter>Исходные файлы\storage</Filter>
    </ClCompile>
    <ClCompile Include="..\sources\storage\ata.cpp">
      <Filter>Исходные файлы\storage</Filter>
    </ClCompile>
    <ClCompile Include="..\sources\storage\drives.cpp">
      <Filter>Исходные файлы\storage</Filter>
    </ClCompile>
    <ClCompile Include="..\sources\storage\msd.cpp">
      <Filter>Исходные файлы\storage</Filter>
    </ClCompile>
    <ClCompile Include="..\sources\storage\storage.cpp">
      <Filter>Исходные файлы\storage</Filter>
    </ClCompile>
  </ItemGroup>
  <ItemGroup>
    <ClInclude Include="..\sources\link.h">
      <Filter>Исходные файлы</Filter>
    </ClInclude>
    <ClInclude Include="..\sources\std\map.h">
      <Filter>Исходные файлы\std</Filter>
    </ClInclude>
    <ClInclude Include="..\sources\std\trees.h">
      <Filter>Исходные файлы\std</Filter>
    </ClInclude>
    <ClInclude Include="..\sources\memory\target.h">
      <Filter>Исходные файлы\memory</Filter>
    </ClInclude>
    <ClInclude Include="..\sources\memory\tlsf.h">
      <Filter>Исходные файлы\memory</Filter>
    </ClInclude>
  </ItemGroup>
  <ItemGroup>
    <Object Include="..\sources\memory\tlsf.o">
      <Filter>Исходные файлы\memory</Filter>
    </Object>
  </ItemGroup>
</Project>